// !$*UTF8*$!
{
	archiveVersion = 1;
	classes = {
	};
	objectVersion = 56;
	objects = {

/* Begin PBXBuildFile section */
		431CE2732B96574D0002D1A1 /* Product_Manager_5App.swift in Sources */ = {isa = PBXBuildFile; fileRef = 431CE2722B96574D0002D1A1 /* Product_Manager_5App.swift */; };
		431CE2752B96574D0002D1A1 /* ContentView.swift in Sources */ = {isa = PBXBuildFile; fileRef = 431CE2742B96574D0002D1A1 /* ContentView.swift */; };
		431CE2772B96574D0002D1A1 /* Model.swift in Sources */ = {isa = PBXBuildFile; fileRef = 431CE2762B96574D0002D1A1 /* Model.swift */; };
		431CE2792B96574E0002D1A1 /* Assets.xcassets in Resources */ = {isa = PBXBuildFile; fileRef = 431CE2782B96574E0002D1A1 /* Assets.xcassets */; };
		431CE27C2B96574E0002D1A1 /* Preview Assets.xcassets in Resources */ = {isa = PBXBuildFile; fileRef = 431CE27B2B96574E0002D1A1 /* Preview Assets.xcassets */; };
		431CE2842B9657980002D1A1 /* InitiativeDetailView.swift in Sources */ = {isa = PBXBuildFile; fileRef = 431CE2832B9657980002D1A1 /* InitiativeDetailView.swift */; };
		437BD1F02B97EF4D00F7F7CB /* TaskAndNoteView.swift in Sources */ = {isa = PBXBuildFile; fileRef = 437BD1EF2B97EF4D00F7F7CB /* TaskAndNoteView.swift */; };
		43C9C8AD2B96C6AF00D323B1 /* InitiativeView.swift in Sources */ = {isa = PBXBuildFile; fileRef = 43C9C8AC2B96C6AF00D323B1 /* InitiativeView.swift */; };
		43C9C8AF2B96C76E00D323B1 /* Utility.swift in Sources */ = {isa = PBXBuildFile; fileRef = 43C9C8AE2B96C76E00D323B1 /* Utility.swift */; };
/* End PBXBuildFile section */

/* Begin PBXFileReference section */
		431CE26F2B96574D0002D1A1 /* Product Manager 5.app */ = {isa = PBXFileReference; explicitFileType = wrapper.application; includeInIndex = 0; path = "Product Manager 5.app"; sourceTree = BUILT_PRODUCTS_DIR; };
		431CE2722B96574D0002D1A1 /* Product_Manager_5App.swift */ = {isa = PBXFileReference; lastKnownFileType = sourcecode.swift; path = Product_Manager_5App.swift; sourceTree = "<group>"; };
		431CE2742B96574D0002D1A1 /* ContentView.swift */ = {isa = PBXFileReference; lastKnownFileType = sourcecode.swift; path = ContentView.swift; sourceTree = "<group>"; };
		431CE2762B96574D0002D1A1 /* Model.swift */ = {isa = PBXFileReference; lastKnownFileType = sourcecode.swift; path = Model.swift; sourceTree = "<group>"; };
		431CE2782B96574E0002D1A1 /* Assets.xcassets */ = {isa = PBXFileReference; lastKnownFileType = folder.assetcatalog; path = Assets.xcassets; sourceTree = "<group>"; };
		431CE27B2B96574E0002D1A1 /* Preview Assets.xcassets */ = {isa = PBXFileReference; lastKnownFileType = folder.assetcatalog; path = "Preview Assets.xcassets"; sourceTree = "<group>"; };
		431CE27D2B96574E0002D1A1 /* Product_Manager_5.entitlements */ = {isa = PBXFileReference; lastKnownFileType = text.plist.entitlements; path = Product_Manager_5.entitlements; sourceTree = "<group>"; };
		431CE2832B9657980002D1A1 /* InitiativeDetailView.swift */ = {isa = PBXFileReference; lastKnownFileType = sourcecode.swift; path = InitiativeDetailView.swift; sourceTree = "<group>"; };
		437BD1EF2B97EF4D00F7F7CB /* TaskAndNoteView.swift */ = {isa = PBXFileReference; lastKnownFileType = sourcecode.swift; path = TaskAndNoteView.swift; sourceTree = "<group>"; };
		43C9C8AC2B96C6AF00D323B1 /* InitiativeView.swift */ = {isa = PBXFileReference; lastKnownFileType = sourcecode.swift; path = InitiativeView.swift; sourceTree = "<group>"; };
		43C9C8AE2B96C76E00D323B1 /* Utility.swift */ = {isa = PBXFileReference; lastKnownFileType = sourcecode.swift; path = Utility.swift; sourceTree = "<group>"; };
/* End PBXFileReference section */

/* Begin PBXFrameworksBuildPhase section */
		431CE26C2B96574D0002D1A1 /* Frameworks */ = {
			isa = PBXFrameworksBuildPhase;
			buildActionMask = 2147483647;
			files = (
			);
			runOnlyForDeploymentPostprocessing = 0;
		};
/* End PBXFrameworksBuildPhase section */

/* Begin PBXGroup section */
		431CE2662B96574D0002D1A1 = {
			isa = PBXGroup;
			children = (
				431CE2712B96574D0002D1A1 /* Product Manager 5 */,
				431CE2702B96574D0002D1A1 /* Products */,
			);
			sourceTree = "<group>";
		};
		431CE2702B96574D0002D1A1 /* Products */ = {
			isa = PBXGroup;
			children = (
				431CE26F2B96574D0002D1A1 /* Product Manager 5.app */,
			);
			name = Products;
			sourceTree = "<group>";
		};
		431CE2712B96574D0002D1A1 /* Product Manager 5 */ = {
			isa = PBXGroup;
			children = (
				431CE2742B96574D0002D1A1 /* ContentView.swift */,
				431CE2832B9657980002D1A1 /* InitiativeDetailView.swift */,
				437BD1EF2B97EF4D00F7F7CB /* TaskAndNoteView.swift */,
				43C9C8AC2B96C6AF00D323B1 /* InitiativeView.swift */,
				43C9C8B02B96D44500D323B1 /* Data */,
				431CE2782B96574E0002D1A1 /* Assets.xcassets */,
				431CE27D2B96574E0002D1A1 /* Product_Manager_5.entitlements */,
				431CE27A2B96574E0002D1A1 /* Preview Content */,
			);
			path = "Product Manager 5";
			sourceTree = "<group>";
		};
		431CE27A2B96574E0002D1A1 /* Preview Content */ = {
			isa = PBXGroup;
			children = (
				431CE27B2B96574E0002D1A1 /* Preview Assets.xcassets */,
			);
			path = "Preview Content";
			sourceTree = "<group>";
		};
		43C9C8B02B96D44500D323B1 /* Data */ = {
			isa = PBXGroup;
			children = (
				431CE2762B96574D0002D1A1 /* Model.swift */,
				43C9C8AE2B96C76E00D323B1 /* Utility.swift */,
				431CE2722B96574D0002D1A1 /* Product_Manager_5App.swift */,
			);
			path = Data;
			sourceTree = "<group>";
		};
/* End PBXGroup section */

/* Begin PBXNativeTarget section */
		431CE26E2B96574D0002D1A1 /* Product Manager 5 */ = {
			isa = PBXNativeTarget;
			buildConfigurationList = 431CE2802B96574E0002D1A1 /* Build configuration list for PBXNativeTarget "Product Manager 5" */;
			buildPhases = (
				431CE26B2B96574D0002D1A1 /* Sources */,
				431CE26C2B96574D0002D1A1 /* Frameworks */,
				431CE26D2B96574D0002D1A1 /* Resources */,
			);
			buildRules = (
			);
			dependencies = (
			);
			name = "Product Manager 5";
			productName = "Product Manager 5";
			productReference = 431CE26F2B96574D0002D1A1 /* Product Manager 5.app */;
			productType = "com.apple.product-type.application";
		};
/* End PBXNativeTarget section */

/* Begin PBXProject section */
		431CE2672B96574D0002D1A1 /* Project object */ = {
			isa = PBXProject;
			attributes = {
				BuildIndependentTargetsInParallel = 1;
				LastSwiftUpdateCheck = 1520;
				LastUpgradeCheck = 1530;
				TargetAttributes = {
					431CE26E2B96574D0002D1A1 = {
						CreatedOnToolsVersion = 15.2;
					};
				};
			};
			buildConfigurationList = 431CE26A2B96574D0002D1A1 /* Build configuration list for PBXProject "Product Manager 5" */;
			compatibilityVersion = "Xcode 14.0";
			developmentRegion = en;
			hasScannedForEncodings = 0;
			knownRegions = (
				en,
				Base,
			);
			mainGroup = 431CE2662B96574D0002D1A1;
			productRefGroup = 431CE2702B96574D0002D1A1 /* Products */;
			projectDirPath = "";
			projectRoot = "";
			targets = (
				431CE26E2B96574D0002D1A1 /* Product Manager 5 */,
			);
		};
/* End PBXProject section */

/* Begin PBXResourcesBuildPhase section */
		431CE26D2B96574D0002D1A1 /* Resources */ = {
			isa = PBXResourcesBuildPhase;
			buildActionMask = 2147483647;
			files = (
				431CE27C2B96574E0002D1A1 /* Preview Assets.xcassets in Resources */,
				431CE2792B96574E0002D1A1 /* Assets.xcassets in Resources */,
			);
			runOnlyForDeploymentPostprocessing = 0;
		};
/* End PBXResourcesBuildPhase section */

/* Begin PBXSourcesBuildPhase section */
		431CE26B2B96574D0002D1A1 /* Sources */ = {
			isa = PBXSourcesBuildPhase;
			buildActionMask = 2147483647;
			files = (
				431CE2752B96574D0002D1A1 /* ContentView.swift in Sources */,
				437BD1F02B97EF4D00F7F7CB /* TaskAndNoteView.swift in Sources */,
				431CE2842B9657980002D1A1 /* InitiativeDetailView.swift in Sources */,
				43C9C8AF2B96C76E00D323B1 /* Utility.swift in Sources */,
				431CE2772B96574D0002D1A1 /* Model.swift in Sources */,
				431CE2732B96574D0002D1A1 /* Product_Manager_5App.swift in Sources */,
				43C9C8AD2B96C6AF00D323B1 /* InitiativeView.swift in Sources */,
			);
			runOnlyForDeploymentPostprocessing = 0;
		};
/* End PBXSourcesBuildPhase section */

/* Begin XCBuildConfiguration section */
		431CE27E2B96574E0002D1A1 /* Debug */ = {
			isa = XCBuildConfiguration;
			buildSettings = {
				ALWAYS_SEARCH_USER_PATHS = NO;
				ASSETCATALOG_COMPILER_GENERATE_SWIFT_ASSET_SYMBOL_EXTENSIONS = YES;
				CLANG_ANALYZER_NONNULL = YES;
				CLANG_ANALYZER_NUMBER_OBJECT_CONVERSION = YES_AGGRESSIVE;
				CLANG_CXX_LANGUAGE_STANDARD = "gnu++20";
				CLANG_ENABLE_MODULES = YES;
				CLANG_ENABLE_OBJC_ARC = YES;
				CLANG_ENABLE_OBJC_WEAK = YES;
				CLANG_WARN_BLOCK_CAPTURE_AUTORELEASING = YES;
				CLANG_WARN_BOOL_CONVERSION = YES;
				CLANG_WARN_COMMA = YES;
				CLANG_WARN_CONSTANT_CONVERSION = YES;
				CLANG_WARN_DEPRECATED_OBJC_IMPLEMENTATIONS = YES;
				CLANG_WARN_DIRECT_OBJC_ISA_USAGE = YES_ERROR;
				CLANG_WARN_DOCUMENTATION_COMMENTS = YES;
				CLANG_WARN_EMPTY_BODY = YES;
				CLANG_WARN_ENUM_CONVERSION = YES;
				CLANG_WARN_INFINITE_RECURSION = YES;
				CLANG_WARN_INT_CONVERSION = YES;
				CLANG_WARN_NON_LITERAL_NULL_CONVERSION = YES;
				CLANG_WARN_OBJC_IMPLICIT_RETAIN_SELF = YES;
				CLANG_WARN_OBJC_LITERAL_CONVERSION = YES;
				CLANG_WARN_OBJC_ROOT_CLASS = YES_ERROR;
				CLANG_WARN_QUOTED_INCLUDE_IN_FRAMEWORK_HEADER = YES;
				CLANG_WARN_RANGE_LOOP_ANALYSIS = YES;
				CLANG_WARN_STRICT_PROTOTYPES = YES;
				CLANG_WARN_SUSPICIOUS_MOVE = YES;
				CLANG_WARN_UNGUARDED_AVAILABILITY = YES_AGGRESSIVE;
				CLANG_WARN_UNREACHABLE_CODE = YES;
				CLANG_WARN__DUPLICATE_METHOD_MATCH = YES;
				COPY_PHASE_STRIP = NO;
				DEAD_CODE_STRIPPING = YES;
				DEBUG_INFORMATION_FORMAT = dwarf;
				ENABLE_STRICT_OBJC_MSGSEND = YES;
				ENABLE_TESTABILITY = YES;
				ENABLE_USER_SCRIPT_SANDBOXING = YES;
				GCC_C_LANGUAGE_STANDARD = gnu17;
				GCC_DYNAMIC_NO_PIC = NO;
				GCC_NO_COMMON_BLOCKS = YES;
				GCC_OPTIMIZATION_LEVEL = 0;
				GCC_PREPROCESSOR_DEFINITIONS = (
					"DEBUG=1",
					"$(inherited)",
				);
				GCC_WARN_64_TO_32_BIT_CONVERSION = YES;
				GCC_WARN_ABOUT_RETURN_TYPE = YES_ERROR;
				GCC_WARN_UNDECLARED_SELECTOR = YES;
				GCC_WARN_UNINITIALIZED_AUTOS = YES_AGGRESSIVE;
				GCC_WARN_UNUSED_FUNCTION = YES;
				GCC_WARN_UNUSED_VARIABLE = YES;
				LOCALIZATION_PREFERS_STRING_CATALOGS = YES;
				MACOSX_DEPLOYMENT_TARGET = 14.2;
				MTL_ENABLE_DEBUG_INFO = INCLUDE_SOURCE;
				MTL_FAST_MATH = YES;
				ONLY_ACTIVE_ARCH = YES;
				SDKROOT = macosx;
				SWIFT_ACTIVE_COMPILATION_CONDITIONS = "DEBUG $(inherited)";
				SWIFT_OPTIMIZATION_LEVEL = "-Onone";
			};
			name = Debug;
		};
		431CE27F2B96574E0002D1A1 /* Release */ = {
			isa = XCBuildConfiguration;
			buildSettings = {
				ALWAYS_SEARCH_USER_PATHS = NO;
				ASSETCATALOG_COMPILER_GENERATE_SWIFT_ASSET_SYMBOL_EXTENSIONS = YES;
				CLANG_ANALYZER_NONNULL = YES;
				CLANG_ANALYZER_NUMBER_OBJECT_CONVERSION = YES_AGGRESSIVE;
				CLANG_CXX_LANGUAGE_STANDARD = "gnu++20";
				CLANG_ENABLE_MODULES = YES;
				CLANG_ENABLE_OBJC_ARC = YES;
				CLANG_ENABLE_OBJC_WEAK = YES;
				CLANG_WARN_BLOCK_CAPTURE_AUTORELEASING = YES;
				CLANG_WARN_BOOL_CONVERSION = YES;
				CLANG_WARN_COMMA = YES;
				CLANG_WARN_CONSTANT_CONVERSION = YES;
				CLANG_WARN_DEPRECATED_OBJC_IMPLEMENTATIONS = YES;
				CLANG_WARN_DIRECT_OBJC_ISA_USAGE = YES_ERROR;
				CLANG_WARN_DOCUMENTATION_COMMENTS = YES;
				CLANG_WARN_EMPTY_BODY = YES;
				CLANG_WARN_ENUM_CONVERSION = YES;
				CLANG_WARN_INFINITE_RECURSION = YES;
				CLANG_WARN_INT_CONVERSION = YES;
				CLANG_WARN_NON_LITERAL_NULL_CONVERSION = YES;
				CLANG_WARN_OBJC_IMPLICIT_RETAIN_SELF = YES;
				CLANG_WARN_OBJC_LITERAL_CONVERSION = YES;
				CLANG_WARN_OBJC_ROOT_CLASS = YES_ERROR;
				CLANG_WARN_QUOTED_INCLUDE_IN_FRAMEWORK_HEADER = YES;
				CLANG_WARN_RANGE_LOOP_ANALYSIS = YES;
				CLANG_WARN_STRICT_PROTOTYPES = YES;
				CLANG_WARN_SUSPICIOUS_MOVE = YES;
				CLANG_WARN_UNGUARDED_AVAILABILITY = YES_AGGRESSIVE;
				CLANG_WARN_UNREACHABLE_CODE = YES;
				CLANG_WARN__DUPLICATE_METHOD_MATCH = YES;
				COPY_PHASE_STRIP = NO;
				DEAD_CODE_STRIPPING = YES;
				DEBUG_INFORMATION_FORMAT = "dwarf-with-dsym";
				ENABLE_NS_ASSERTIONS = NO;
				ENABLE_STRICT_OBJC_MSGSEND = YES;
				ENABLE_USER_SCRIPT_SANDBOXING = YES;
				GCC_C_LANGUAGE_STANDARD = gnu17;
				GCC_NO_COMMON_BLOCKS = YES;
				GCC_WARN_64_TO_32_BIT_CONVERSION = YES;
				GCC_WARN_ABOUT_RETURN_TYPE = YES_ERROR;
				GCC_WARN_UNDECLARED_SELECTOR = YES;
				GCC_WARN_UNINITIALIZED_AUTOS = YES_AGGRESSIVE;
				GCC_WARN_UNUSED_FUNCTION = YES;
				GCC_WARN_UNUSED_VARIABLE = YES;
				LOCALIZATION_PREFERS_STRING_CATALOGS = YES;
				MACOSX_DEPLOYMENT_TARGET = 14.2;
				MTL_ENABLE_DEBUG_INFO = NO;
				MTL_FAST_MATH = YES;
				SDKROOT = macosx;
				SWIFT_COMPILATION_MODE = wholemodule;
			};
			name = Release;
		};
		431CE2812B96574E0002D1A1 /* Debug */ = {
			isa = XCBuildConfiguration;
			buildSettings = {
				ASSETCATALOG_COMPILER_APPICON_NAME = AppIcon;
				ASSETCATALOG_COMPILER_GLOBAL_ACCENT_COLOR_NAME = AccentColor;
				CODE_SIGN_ENTITLEMENTS = "Product Manager 5/Product_Manager_5.entitlements";
				CODE_SIGN_STYLE = Automatic;
				COMBINE_HIDPI_IMAGES = YES;
				CURRENT_PROJECT_VERSION = 2;
				DEAD_CODE_STRIPPING = YES;
				DEVELOPMENT_ASSET_PATHS = "\"Product Manager 5/Preview Content\"";
				DEVELOPMENT_TEAM = 5BB8VQ988Q;
				ENABLE_HARDENED_RUNTIME = YES;
				ENABLE_PREVIEWS = YES;
				GENERATE_INFOPLIST_FILE = YES;
				INFOPLIST_KEY_CFBundleDisplayName = "Product Manager 5";
				INFOPLIST_KEY_LSApplicationCategoryType = "public.app-category.productivity";
				INFOPLIST_KEY_NSHumanReadableCopyright = "";
				LD_RUNPATH_SEARCH_PATHS = (
					"$(inherited)",
					"@executable_path/../Frameworks",
				);
				MACOSX_DEPLOYMENT_TARGET = 14.0;
				MARKETING_VERSION = 1.01;
				PRODUCT_BUNDLE_IDENTIFIER = "pulcer.net.Product-Manager-5";
				PRODUCT_NAME = "$(TARGET_NAME)";
				SWIFT_EMIT_LOC_STRINGS = YES;
				SWIFT_VERSION = 5.0;
			};
			name = Debug;
		};
		431CE2822B96574E0002D1A1 /* Release */ = {
			isa = XCBuildConfiguration;
			buildSettings = {
				ASSETCATALOG_COMPILER_APPICON_NAME = AppIcon;
				ASSETCATALOG_COMPILER_GLOBAL_ACCENT_COLOR_NAME = AccentColor;
				CODE_SIGN_ENTITLEMENTS = "Product Manager 5/Product_Manager_5.entitlements";
				CODE_SIGN_STYLE = Automatic;
				COMBINE_HIDPI_IMAGES = YES;
				CURRENT_PROJECT_VERSION = 2;
				DEAD_CODE_STRIPPING = YES;
				DEVELOPMENT_ASSET_PATHS = "\"Product Manager 5/Preview Content\"";
				DEVELOPMENT_TEAM = 5BB8VQ988Q;
				ENABLE_HARDENED_RUNTIME = YES;
				ENABLE_PREVIEWS = YES;
				GENERATE_INFOPLIST_FILE = YES;
				INFOPLIST_KEY_CFBundleDisplayName = "Product Manager 5";
				INFOPLIST_KEY_LSApplicationCategoryType = "public.app-category.productivity";
				INFOPLIST_KEY_NSHumanReadableCopyright = "";
				LD_RUNPATH_SEARCH_PATHS = (
					"$(inherited)",
					"@executable_path/../Frameworks",
				);
				MACOSX_DEPLOYMENT_TARGET = 14.0;
				MARKETING_VERSION = 1.01;
				PRODUCT_BUNDLE_IDENTIFIER = "pulcer.net.Product-Manager-5";
				PRODUCT_NAME = "$(TARGET_NAME)";
				SWIFT_EMIT_LOC_STRINGS = YES;
				SWIFT_VERSION = 5.0;
			};
			name = Release;
		};
/* End XCBuildConfiguration section */

/* Begin XCConfigurationList section */
		431CE26A2B96574D0002D1A1 /* Build configuration list for PBXProject "Product Manager 5" */ = {
			isa = XCConfigurationList;
			buildConfigurations = (
				431CE27E2B96574E0002D1A1 /* Debug */,
				431CE27F2B96574E0002D1A1 /* Release */,
			);
			defaultConfigurationIsVisible = 0;
			defaultConfigurationName = Release;
		};
		431CE2802B96574E0002D1A1 /* Build configuration list for PBXNativeTarget "Product Manager 5" */ = {
			isa = XCConfigurationList;
			buildConfigurations = (
				431CE2812B96574E0002D1A1 /* Debug */,
				431CE2822B96574E0002D1A1 /* Release */,
			);
			defaultConfigurationIsVisible = 0;
			defaultConfigurationName = Release;
		};
/* End XCConfigurationList section */
	};
	rootObject = 431CE2672B96574D0002D1A1 /* Project object */;
}
